lockfileVersion: '6.0'

devDependencies:
  vitepress:
    specifier: 1.0.0-alpha.28
    version: 1.0.0-alpha.28
  vue:
    specifier: 3.2.44
    version: 3.2.44

packages:

  /@algolia/autocomplete-core@1.8.2:
    resolution: {integrity: sha512-mTeshsyFhAqw/ebqNsQpMtbnjr+qVOSKXArEj4K0d7sqc8It1XD0gkASwecm9mF/jlOQ4Z9RNg1HbdA8JPdRwQ==}
    dependencies:
      '@algolia/autocomplete-shared': 1.8.2
    dev: true

  /@algolia/autocomplete-preset-algolia@1.8.2(algoliasearch@4.17.0):
    resolution: {integrity: sha512-J0oTx4me6ZM9kIKPuL3lyU3aB8DEvpVvR6xWmHVROx5rOYJGQcZsdG4ozxwcOyiiu3qxMkIbzntnV1S1VWD8yA==}
    peerDependencies:
      '@algolia/client-search': '>= 4.9.1 < 6'
      algoliasearch: '>= 4.9.1 < 6'
    peerDependenciesMeta:
      '@algolia/client-search':
        optional: true
    dependencies:
      '@algolia/autocomplete-shared': 1.8.2
      algoliasearch: 4.17.0
    dev: true

  /@algolia/autocomplete-shared@1.8.2:
    resolution: {integrity: sha512-b6Z/X4MczChMcfhk6kfRmBzPgjoPzuS9KGR4AFsiLulLNRAAqhP+xZTKtMnZGhLuc61I20d5WqlId02AZvcO6g==}
    dev: true

  /@algolia/cache-browser-local-storage@4.17.0:
    resolution: {integrity: sha512-myRSRZDIMYB8uCkO+lb40YKiYHi0fjpWRtJpR/dgkaiBlSD0plRyB6lLOh1XIfmMcSeBOqDE7y9m8xZMrXYfyQ==}
    dependencies:
      '@algolia/cache-common': 4.17.0
    dev: true

  /@algolia/cache-common@4.17.0:
    resolution: {integrity: sha512-g8mXzkrcUBIPZaulAuqE7xyHhLAYAcF2xSch7d9dABheybaU3U91LjBX6eJTEB7XVhEsgK4Smi27vWtAJRhIKQ==}
    dev: true

  /@algolia/cache-in-memory@4.17.0:
    resolution: {integrity: sha512-PT32ciC/xI8z919d0oknWVu3kMfTlhQn3MKxDln3pkn+yA7F7xrxSALysxquv+MhFfNAcrtQ/oVvQVBAQSHtdw==}
    dependencies:
      '@algolia/cache-common': 4.17.0
    dev: true

  /@algolia/client-account@4.17.0:
    resolution: {integrity: sha512-sSEHx9GA6m7wrlsSMNBGfyzlIfDT2fkz2u7jqfCCd6JEEwmxt8emGmxAU/0qBfbhRSuGvzojoLJlr83BSZAKjA==}
    dependencies:
      '@algolia/client-common': 4.17.0
      '@algolia/client-search': 4.17.0
      '@algolia/transporter': 4.17.0
    dev: true

  /@algolia/client-analytics@4.17.0:
    resolution: {integrity: sha512-84ooP8QA3mQ958hQ9wozk7hFUbAO+81CX1CjAuerxBqjKIInh1fOhXKTaku05O/GHBvcfExpPLIQuSuLYziBXQ==}
    dependencies:
      '@algolia/client-common': 4.17.0
      '@algolia/client-search': 4.17.0
      '@algolia/requester-common': 4.17.0
      '@algolia/transporter': 4.17.0
    dev: true

  /@algolia/client-common@4.17.0:
    resolution: {integrity: sha512-jHMks0ZFicf8nRDn6ma8DNNsdwGgP/NKiAAL9z6rS7CymJ7L0+QqTJl3rYxRW7TmBhsUH40wqzmrG6aMIN/DrQ==}
    dependencies:
      '@algolia/requester-common': 4.17.0
      '@algolia/transporter': 4.17.0
    dev: true

  /@algolia/client-personalization@4.17.0:
    resolution: {integrity: sha512-RMzN4dZLIta1YuwT7QC9o+OeGz2cU6eTOlGNE/6RcUBLOU3l9tkCOdln5dPE2jp8GZXPl2yk54b2nSs1+pAjqw==}
    dependencies:
      '@algolia/client-common': 4.17.0
      '@algolia/requester-common': 4.17.0
      '@algolia/transporter': 4.17.0
    dev: true

  /@algolia/client-search@4.17.0:
    resolution: {integrity: sha512-x4P2wKrrRIXszT8gb7eWsMHNNHAJs0wE7/uqbufm4tZenAp+hwU/hq5KVsY50v+PfwM0LcDwwn/1DroujsTFoA==}
    dependencies:
      '@algolia/client-common': 4.17.0
      '@algolia/requester-common': 4.17.0
      '@algolia/transporter': 4.17.0
    dev: true

  /@algolia/logger-common@4.17.0:
    resolution: {integrity: sha512-DGuoZqpTmIKJFDeyAJ7M8E/LOenIjWiOsg1XJ1OqAU/eofp49JfqXxbfgctlVZVmDABIyOz8LqEoJ6ZP4DTyvw==}
    dev: true

  /@algolia/logger-console@4.17.0:
    resolution: {integrity: sha512-zMPvugQV/gbXUvWBCzihw6m7oxIKp48w37QBIUu/XqQQfxhjoOE9xyfJr1KldUt5FrYOKZJVsJaEjTsu+bIgQg==}
    dependencies:
      '@algolia/logger-common': 4.17.0
    dev: true

  /@algolia/requester-browser-xhr@4.17.0:
    resolution: {integrity: sha512-aSOX/smauyTkP21Pf52pJ1O2LmNFJ5iHRIzEeTh0mwBeADO4GdG94cAWDILFA9rNblq/nK3EDh3+UyHHjplZ1A==}
    dependencies:
      '@algolia/requester-common': 4.17.0
    dev: true

  /@algolia/requester-common@4.17.0:
    resolution: {integrity: sha512-XJjmWFEUlHu0ijvcHBoixuXfEoiRUdyzQM6YwTuB8usJNIgShua8ouFlRWF8iCeag0vZZiUm4S2WCVBPkdxFgg==}
    dev: true

  /@algolia/requester-node-http@4.17.0:
    resolution: {integrity: sha512-bpb/wDA1aC6WxxM8v7TsFspB7yBN3nqCGs2H1OADolQR/hiAIjAxusbuMxVbRFOdaUvAIqioIIkWvZdpYNIn8w==}
    dependencies:
      '@algolia/requester-common': 4.17.0
    dev: true

  /@algolia/transporter@4.17.0:
    resolution: {integrity: sha512-6xL6H6fe+Fi0AEP3ziSgC+G04RK37iRb4uUUqVAH9WPYFI8g+LYFq6iv5HS8Cbuc5TTut+Bwj6G+dh/asdb9uA==}
    dependencies:
      '@algolia/cache-common': 4.17.0
      '@algolia/logger-common': 4.17.0
      '@algolia/requester-common': 4.17.0
    dev: true

  /@babel/helper-string-parser@7.21.5:
    resolution: {integrity: sha512-5pTUx3hAJaZIdW99sJ6ZUUgWq/Y+Hja7TowEnLNMm1VivRgZQL3vpBY3qUACVsvw+yQU6+YgfBVmcbLaZtrA1w==}
    engines: {node: '>=6.9.0'}
    dev: true

  /@babel/helper-validator-identifier@7.19.1:
    resolution: {integrity: sha512-awrNfaMtnHUr653GgGEs++LlAvW6w+DcPrOliSMXWCKo597CwL5Acf/wWdNkf/tfEQE3mjkeD1YOVZOUV/od1w==}
    engines: {node: '>=6.9.0'}
    dev: true

  /@babel/parser@7.21.8:
    resolution: {integrity: sha512-6zavDGdzG3gUqAdWvlLFfk+36RilI+Pwyuuh7HItyeScCWP3k6i8vKclAQ0bM/0y/Kz/xiwvxhMv9MgTJP5gmA==}
    engines: {node: '>=6.0.0'}
    hasBin: true
    dependencies:
      '@babel/types': 7.21.5
    dev: true

  /@babel/types@7.21.5:
    resolution: {integrity: sha512-m4AfNvVF2mVC/F7fDEdH2El3HzUg9It/XsCxZiOTTA3m3qYfcSVSbTfM6Q9xG+hYDniZssYhlXKKUMD5m8tF4Q==}
    engines: {node: '>=6.9.0'}
    dependencies:
      '@babel/helper-string-parser': 7.21.5
      '@babel/helper-validator-identifier': 7.19.1
      to-fast-properties: 2.0.0
    dev: true

  /@docsearch/css@3.3.4:
    resolution: {integrity: sha512-vDwCDoVXDgopw/hvr0zEADew2wWaGP8Qq0Bxhgii1Ewz2t4fQeyJwIRN/mWADeLFYPVkpz8TpEbxya/i6Tm0WA==}
    dev: true

  /@docsearch/js@3.3.4:
    resolution: {integrity: sha512-Xd2saBziXJ1UuVpcDz94zAFEFAM6ap993agh0za2e3LDZLhaW993b1f9gyUL4e1CZLsR076tztG2un2gVncvpA==}
    dependencies:
      '@docsearch/react': 3.3.4
      preact: 10.13.2
    transitivePeerDependencies:
      - '@algolia/client-search'
      - '@types/react'
      - react
      - react-dom
    dev: true

  /@docsearch/react@3.3.4:
    resolution: {integrity: sha512-aeOf1WC5zMzBEi2SI6WWznOmIo9rnpN4p7a3zHXxowVciqlI4HsZGtOR9nFOufLeolv7HibwLlaM0oyUqJxasw==}
    peerDependencies:
      '@types/react': '>= 16.8.0 < 19.0.0'
      react: '>= 16.8.0 < 19.0.0'
      react-dom: '>= 16.8.0 < 19.0.0'
    peerDependenciesMeta:
      '@types/react':
        optional: true
      react:
        optional: true
      react-dom:
        optional: true
    dependencies:
      '@algolia/autocomplete-core': 1.8.2
      '@algolia/autocomplete-preset-algolia': 1.8.2(algoliasearch@4.17.0)
      '@docsearch/css': 3.3.4
      algoliasearch: 4.17.0
    transitivePeerDependencies:
      - '@algolia/client-search'
    dev: true

  /@esbuild/android-arm@0.15.18:
    resolution: {integrity: sha512-5GT+kcs2WVGjVs7+boataCkO5Fg0y4kCjzkB5bAip7H4jfnOS3dA6KPiww9W1OEKTKeAcUVhdZGvgI65OXmUnw==}
    engines: {node: '>=12'}
    cpu: [arm]
    os: [android]
    requiresBuild: true
    dev: true
    optional: true

  /@esbuild/linux-loong64@0.15.18:
    resolution: {integrity: sha512-L4jVKS82XVhw2nvzLg/19ClLWg0y27ulRwuP7lcyL6AbUWB5aPglXY3M21mauDQMDfRLs8cQmeT03r/+X3cZYQ==}
    engines: {node: '>=12'}
    cpu: [loong64]
    os: [linux]
    requiresBuild: true
    dev: true
    optional: true

  /@types/web-bluetooth@0.0.16:
    resolution: {integrity: sha512-oh8q2Zc32S6gd/j50GowEjKLoOVOwHP/bWVjKJInBwQqdOYMdPrf1oVlelTlyfFK3CKxL1uahMDAr+vy8T7yMQ==}
    dev: true

  /@vitejs/plugin-vue@3.2.0(vite@3.2.6)(vue@3.2.44):
    resolution: {integrity: sha512-E0tnaL4fr+qkdCNxJ+Xd0yM31UwMkQje76fsDVBBUCoGOUPexu2VDUYHL8P4CwV+zMvWw6nlRw19OnRKmYAJpw==}
    engines: {node: ^14.18.0 || >=16.0.0}
    peerDependencies:
      vite: ^3.0.0
      vue: ^3.2.25
    dependencies:
      vite: 3.2.6
      vue: 3.2.44
    dev: true

  /@vue/compiler-core@3.2.44:
    resolution: {integrity: sha512-TwzeVSnaklb8wIvMtwtkPkt9wnU+XD70xJ7N9+eIHtjKAG7OoZttm+14ZL6vWOL+2RcMtSZ+cYH+gvkUqsrmSQ==}
    dependencies:
      '@babel/parser': 7.21.8
      '@vue/shared': 3.2.44
      estree-walker: 2.0.2
      source-map: 0.6.1
    dev: true

  /@vue/compiler-dom@3.2.44:
    resolution: {integrity: sha512-wPDR+gOn2Qi7SudPJ+gE62vuO/aKXIiIFALvHpztXmDdbAHGy3CDfmBgOGchTgTlSeDJHe9olEMkgOdmyXTjUg==}
    dependencies:
      '@vue/compiler-core': 3.2.44
      '@vue/shared': 3.2.44
    dev: true

  /@vue/compiler-sfc@3.2.44:
    resolution: {integrity: sha512-8cFZcUWlrtnfM/GlRwYJdlfgbEOy0OZ/osLDU3h/wJu24HuYAc7QIML1USaKqiZzkjOaTd4y8mvYvcWXq3o5dA==}
    dependencies:
      '@babel/parser': 7.21.8
      '@vue/compiler-core': 3.2.44
      '@vue/compiler-dom': 3.2.44
      '@vue/compiler-ssr': 3.2.44
      '@vue/reactivity-transform': 3.2.44
      '@vue/shared': 3.2.44
      estree-walker: 2.0.2
      magic-string: 0.25.9
      postcss: 8.4.23
      source-map: 0.6.1
    dev: true

  /@vue/compiler-ssr@3.2.44:
    resolution: {integrity: sha512-tAkUFLgvxds3l5KPyAH77OIYrEeLngNYQfWA9GocHiy2nlyajjqAH/Jq93Bq29Y20GeJzblmRp9DVYCVkJ5Rsw==}
    dependencies:
      '@vue/compiler-dom': 3.2.44
      '@vue/shared': 3.2.44
    dev: true

  /@vue/devtools-api@6.5.0:
    resolution: {integrity: sha512-o9KfBeaBmCKl10usN4crU53fYtC1r7jJwdGKjPT24t348rHxgfpZ0xL3Xm/gLUYnc0oTp8LAmrxOeLyu6tbk2Q==}
    dev: true

  /@vue/reactivity-transform@3.2.44:
    resolution: {integrity: sha512-WGbEiXaS2qAOTS9Z3kKk2Nk4bi8OUl73Sih+h0XV9RTUATnaJSEQedveHUDQnHyXiZwyBMKosrxJg8aThHO/rw==}
    dependencies:
      '@babel/parser': 7.21.8
      '@vue/compiler-core': 3.2.44
      '@vue/shared': 3.2.44
      estree-walker: 2.0.2
      magic-string: 0.25.9
    dev: true

  /@vue/reactivity@3.2.44:
    resolution: {integrity: sha512-Fe0s52fTsPl+RSdvoqUZ3HRKlaVsKhIh1mea5EWOedFvZCjnymzlj3YC1wZMxi89qXRFSdEASVA/BWUGypk0Ig==}
    dependencies:
      '@vue/shared': 3.2.44
    dev: true

  /@vue/runtime-core@3.2.44:
    resolution: {integrity: sha512-uwEV1cttL33k2dC+CNGYhKEYqGejT9KmgQ+4n/LmYUfZ1Gorl8F32DlIX+1pANyGHL1tBAisqHDxKyQBp2oBNA==}
    dependencies:
      '@vue/reactivity': 3.2.44
      '@vue/shared': 3.2.44
    dev: true

  /@vue/runtime-dom@3.2.44:
    resolution: {integrity: sha512-LDzNwXpU/nSpxrLk5jS0bfStgt88msgsgFzj6vHrl7es3QktIrCGybQS5CB/p/TO0q98iAiYtEVmi+Lej7Vgjg==}
    dependencies:
      '@vue/runtime-core': 3.2.44
      '@vue/shared': 3.2.44
      csstype: 2.6.21
    dev: true

  /@vue/server-renderer@3.2.44(vue@3.2.44):
    resolution: {integrity: sha512-3+ArN07UgOAdbGKIp3uVqeC3bnR3J324QNjPR6vxHbLrTlkibFv8QNled/ux3fVq0KDCkVVKGOKB2V4sCIYOgg==}
    peerDependencies:
      vue: 3.2.44
    dependencies:
      '@vue/compiler-ssr': 3.2.44
      '@vue/shared': 3.2.44
      vue: 3.2.44
    dev: true

  /@vue/shared@3.2.44:
    resolution: {integrity: sha512-mGZ44bnn0zpZ36nXtxbrBPno43yr96wjQE1dBEKS1Sieugt27HS4OGZVBRIgsdGzosB7vqZAvu0ttu1FDVdolA==}
    dev: true

  /@vueuse/core@9.13.0(vue@3.2.44):
    resolution: {integrity: sha512-pujnclbeHWxxPRqXWmdkKV5OX4Wk4YeK7wusHqRwU0Q7EFusHoqNA/aPhB6KCh9hEqJkLAJo7bb0Lh9b+OIVzw==}
    dependencies:
      '@types/web-bluetooth': 0.0.16
      '@vueuse/metadata': 9.13.0
      '@vueuse/shared': 9.13.0(vue@3.2.44)
      vue-demi: 0.14.0(vue@3.2.44)
    transitivePeerDependencies:
      - '@vue/composition-api'
      - vue
    dev: true

  /@vueuse/metadata@9.13.0:
    resolution: {integrity: sha512-gdU7TKNAUVlXXLbaF+ZCfte8BjRJQWPCa2J55+7/h+yDtzw3vOoGQDRXzI6pyKyo6bXFT5/QoPE4hAknExjRLQ==}
    dev: true

  /@vueuse/shared@9.13.0(vue@3.2.44):
    resolution: {integrity: sha512-UrnhU+Cnufu4S6JLCPZnkWh0WwZGUp72ktOF2DFptMlOs3TOdVv8xJN53zhHGARmVOsz5KqOls09+J1NR6sBKw==}
    dependencies:
      vue-demi: 0.14.0(vue@3.2.44)
    transitivePeerDependencies:
      - '@vue/composition-api'
      - vue
    dev: true

  /algoliasearch@4.17.0:
    resolution: {integrity: sha512-JMRh2Mw6sEnVMiz6+APsi7lx9a2jiDFF+WUtANaUVCv6uSU9UOLdo5h9K3pdP6frRRybaM2fX8b1u0nqICS9aA==}
    dependencies:
      '@algolia/cache-browser-local-storage': 4.17.0
      '@algolia/cache-common': 4.17.0
      '@algolia/cache-in-memory': 4.17.0
      '@algolia/client-account': 4.17.0
      '@algolia/client-analytics': 4.17.0
      '@algolia/client-common': 4.17.0
      '@algolia/client-personalization': 4.17.0
      '@algolia/client-search': 4.17.0
      '@algolia/logger-common': 4.17.0
      '@algolia/logger-console': 4.17.0
      '@algolia/requester-browser-xhr': 4.17.0
      '@algolia/requester-common': 4.17.0
      '@algolia/requester-node-http': 4.17.0
      '@algolia/transporter': 4.17.0
    dev: true

  /body-scroll-lock@4.0.0-beta.0:
    resolution: {integrity: sha512-a7tP5+0Mw3YlUJcGAKUqIBkYYGlYxk2fnCasq/FUph1hadxlTRjF+gAcZksxANnaMnALjxEddmSi/H3OR8ugcQ==}
    dev: true

  /csstype@2.6.21:
    resolution: {integrity: sha512-Z1PhmomIfypOpoMjRQB70jfvy/wxT50qW08YXO5lMIJkrdq4yOTR+AW7FqutScmB9NkLwxo+jU+kZLbofZZq/w==}
    dev: true

  /esbuild-android-64@0.15.18:
    resolution: {integrity: sha512-wnpt3OXRhcjfIDSZu9bnzT4/TNTDsOUvip0foZOUBG7QbSt//w3QV4FInVJxNhKc/ErhUxc5z4QjHtMi7/TbgA==}
    engines: {node: '>=12'}
    cpu: [x64]
    os: [android]
    requiresBuild: true
    dev: true
    optional: true

  /esbuild-android-arm64@0.15.18:
    resolution: {integrity: sha512-G4xu89B8FCzav9XU8EjsXacCKSG2FT7wW9J6hOc18soEHJdtWu03L3TQDGf0geNxfLTtxENKBzMSq9LlbjS8OQ==}
    engines: {node: '>=12'}
    cpu: [arm64]
    os: [android]
    requiresBuild: true
    dev: true
    optional: true

  /esbuild-darwin-64@0.15.18:
    resolution: {integrity: sha512-2WAvs95uPnVJPuYKP0Eqx+Dl/jaYseZEUUT1sjg97TJa4oBtbAKnPnl3b5M9l51/nbx7+QAEtuummJZW0sBEmg==}
    engines: {node: '>=12'}
    cpu: [x64]
    os: [darwin]
    requiresBuild: true
    dev: true
    optional: true

  /esbuild-darwin-arm64@0.15.18:
    resolution: {integrity: sha512-tKPSxcTJ5OmNb1btVikATJ8NftlyNlc8BVNtyT/UAr62JFOhwHlnoPrhYWz09akBLHI9nElFVfWSTSRsrZiDUA==}
    engines: {node: '>=12'}
    cpu: [arm64]
    os: [darwin]
    requiresBuild: true
    dev: true
    optional: true

  /esbuild-freebsd-64@0.15.18:
    resolution: {integrity: sha512-TT3uBUxkteAjR1QbsmvSsjpKjOX6UkCstr8nMr+q7zi3NuZ1oIpa8U41Y8I8dJH2fJgdC3Dj3CXO5biLQpfdZA==}
    engines: {node: '>=12'}
    cpu: [x64]
    os: [freebsd]
    requiresBuild: true
    dev: true
    optional: true

  /esbuild-freebsd-arm64@0.15.18:
    resolution: {integrity: sha512-R/oVr+X3Tkh+S0+tL41wRMbdWtpWB8hEAMsOXDumSSa6qJR89U0S/PpLXrGF7Wk/JykfpWNokERUpCeHDl47wA==}
    engines: {node: '>=12'}
    cpu: [arm64]
    os: [freebsd]
    requiresBuild: true
    dev: true
    optional: true

  /esbuild-linux-32@0.15.18:
    resolution: {integrity: sha512-lphF3HiCSYtaa9p1DtXndiQEeQDKPl9eN/XNoBf2amEghugNuqXNZA/ZovthNE2aa4EN43WroO0B85xVSjYkbg==}
    engines: {node: '>=12'}
    cpu: [ia32]
    os: [linux]
    requiresBuild: true
    dev: true
    optional: true

  /esbuild-linux-64@0.15.18:
    resolution: {integrity: sha512-hNSeP97IviD7oxLKFuii5sDPJ+QHeiFTFLoLm7NZQligur8poNOWGIgpQ7Qf8Balb69hptMZzyOBIPtY09GZYw==}
    engines: {node: '>=12'}
    cpu: [x64]
    os: [linux]
    requiresBuild: true
    dev: true
    optional: true

  /esbuild-linux-arm64@0.15.18:
    resolution: {integrity: sha512-54qr8kg/6ilcxd+0V3h9rjT4qmjc0CccMVWrjOEM/pEcUzt8X62HfBSeZfT2ECpM7104mk4yfQXkosY8Quptug==}
    engines: {node: '>=12'}
    cpu: [arm64]
    os: [linux]
    requiresBuild: true
    dev: true
    optional: true

  /esbuild-linux-arm@0.15.18:
    resolution: {integrity: sha512-UH779gstRblS4aoS2qpMl3wjg7U0j+ygu3GjIeTonCcN79ZvpPee12Qun3vcdxX+37O5LFxz39XeW2I9bybMVA==}
    engines: {node: '>=12'}
    cpu: [arm]
    os: [linux]
    requiresBuild: true
    dev: true
    optional: true

  /esbuild-linux-mips64le@0.15.18:
    resolution: {integrity: sha512-Mk6Ppwzzz3YbMl/ZZL2P0q1tnYqh/trYZ1VfNP47C31yT0K8t9s7Z077QrDA/guU60tGNp2GOwCQnp+DYv7bxQ==}
    engines: {node: '>=12'}
    cpu: [mips64el]
    os: [linux]
    requiresBuild: true
    dev: true
    optional: true

  /esbuild-linux-ppc64le@0.15.18:
    resolution: {integrity: sha512-b0XkN4pL9WUulPTa/VKHx2wLCgvIAbgwABGnKMY19WhKZPT+8BxhZdqz6EgkqCLld7X5qiCY2F/bfpUUlnFZ9w==}
    engines: {node: '>=12'}
    cpu: [ppc64]
    os: [linux]
    requiresBuild: true
    dev: true
    optional: true

  /esbuild-linux-riscv64@0.15.18:
    resolution: {integrity: sha512-ba2COaoF5wL6VLZWn04k+ACZjZ6NYniMSQStodFKH/Pu6RxzQqzsmjR1t9QC89VYJxBeyVPTaHuBMCejl3O/xg==}
    engines: {node: '>=12'}
    cpu: [riscv64]
    os: [linux]
    requiresBuild: true
    dev: true
    optional: true

  /esbuild-linux-s390x@0.15.18:
    resolution: {integrity: sha512-VbpGuXEl5FCs1wDVp93O8UIzl3ZrglgnSQ+Hu79g7hZu6te6/YHgVJxCM2SqfIila0J3k0csfnf8VD2W7u2kzQ==}
    engines: {node: '>=12'}
    cpu: [s390x]
    os: [linux]
    requiresBuild: true
    dev: true
    optional: true

  /esbuild-netbsd-64@0.15.18:
    resolution: {integrity: sha512-98ukeCdvdX7wr1vUYQzKo4kQ0N2p27H7I11maINv73fVEXt2kyh4K4m9f35U1K43Xc2QGXlzAw0K9yoU7JUjOg==}
    engines: {node: '>=12'}
    cpu: [x64]
    os: [netbsd]
    requiresBuild: true
    dev: true
    optional: true

  /esbuild-openbsd-64@0.15.18:
    resolution: {integrity: sha512-yK5NCcH31Uae076AyQAXeJzt/vxIo9+omZRKj1pauhk3ITuADzuOx5N2fdHrAKPxN+zH3w96uFKlY7yIn490xQ==}
    engines: {node: '>=12'}
    cpu: [x64]
    os: [openbsd]
    requiresBuild: true
    dev: true
    optional: true

  /esbuild-sunos-64@0.15.18:
    resolution: {integrity: sha512-On22LLFlBeLNj/YF3FT+cXcyKPEI263nflYlAhz5crxtp3yRG1Ugfr7ITyxmCmjm4vbN/dGrb/B7w7U8yJR9yw==}
    engines: {node: '>=12'}
    cpu: [x64]
    os: [sunos]
    requiresBuild: true
    dev: true
    optional: true

  /esbuild-windows-32@0.15.18:
    resolution: {integrity: sha512-o+eyLu2MjVny/nt+E0uPnBxYuJHBvho8vWsC2lV61A7wwTWC3jkN2w36jtA+yv1UgYkHRihPuQsL23hsCYGcOQ==}
    engines: {node: '>=12'}
    cpu: [ia32]
    os: [win32]
    requiresBuild: true
    dev: true
    optional: true

  /esbuild-windows-64@0.15.18:
    resolution: {integrity: sha512-qinug1iTTaIIrCorAUjR0fcBk24fjzEedFYhhispP8Oc7SFvs+XeW3YpAKiKp8dRpizl4YYAhxMjlftAMJiaUw==}
    engines: {node: '>=12'}
    cpu: [x64]
    os: [win32]
    requiresBuild: true
    dev: true
    optional: true

  /esbuild-windows-arm64@0.15.18:
    resolution: {integrity: sha512-q9bsYzegpZcLziq0zgUi5KqGVtfhjxGbnksaBFYmWLxeV/S1fK4OLdq2DFYnXcLMjlZw2L0jLsk1eGoB522WXQ==}
    engines: {node: '>=12'}
    cpu: [arm64]
    os: [win32]
    requiresBuild: true
    dev: true
    optional: true

  /esbuild@0.15.18:
    resolution: {integrity: sha512-x/R72SmW3sSFRm5zrrIjAhCeQSAWoni3CmHEqfQrZIQTM3lVCdehdwuIqaOtfC2slvpdlLa62GYoN8SxT23m6Q==}
    engines: {node: '>=12'}
    hasBin: true
    requiresBuild: true
    optionalDependencies:
      '@esbuild/android-arm': 0.15.18
      '@esbuild/linux-loong64': 0.15.18
      esbuild-android-64: 0.15.18
      esbuild-android-arm64: 0.15.18
      esbuild-darwin-64: 0.15.18
      esbuild-darwin-arm64: 0.15.18
      esbuild-freebsd-64: 0.15.18
      esbuild-freebsd-arm64: 0.15.18
      esbuild-linux-32: 0.15.18
      esbuild-linux-64: 0.15.18
      esbuild-linux-arm: 0.15.18
      esbuild-linux-arm64: 0.15.18
      esbuild-linux-mips64le: 0.15.18
      esbuild-linux-ppc64le: 0.15.18
      esbuild-linux-riscv64: 0.15.18
      esbuild-linux-s390x: 0.15.18
      esbuild-netbsd-64: 0.15.18
      esbuild-openbsd-64: 0.15.18
      esbuild-sunos-64: 0.15.18
      esbuild-windows-32: 0.15.18
      esbuild-windows-64: 0.15.18
      esbuild-windows-arm64: 0.15.18
    dev: true

  /estree-walker@2.0.2:
    resolution: {integrity: sha512-Rfkk/Mp/DL7JVje3u18FxFujQlTNR2q6QfMSMB7AvCBx91NGj/ba3kCfza0f6dVDbw7YlRf/nDrn7pQrCCyQ/w==}
    dev: true

  /fsevents@2.3.2:
    resolution: {integrity: sha512-xiqMQR4xAeHTuB9uWm+fFRcIOgKBMiOBP+eXiyT7jsgVCq1bkVygt00oASowB7EdtpOHaaPgKt812P9ab+DDKA==}
    engines: {node: ^8.16.0 || ^10.6.0 || >=11.0.0}
    os: [darwin]
    requiresBuild: true
    dev: true
    optional: true

  /function-bind@1.1.1:
    resolution: {integrity: sha512-yIovAzMX49sF8Yl58fSCWJ5svSLuaibPxXQJFLmBObTuCr0Mf1KiPopGM9NiFjiYBCbfaa2Fh6breQ6ANVTI0A==}
    dev: true

  /has@1.0.3:
    resolution: {integrity: sha512-f2dvO0VU6Oej7RkWJGrehjbzMAjFp5/VKPp5tTpWIV4JHHZK1/BxbFRtf/siA2SWTe09caDmVtYYzWEIbBS4zw==}
    engines: {node: '>= 0.4.0'}
    dependencies:
      function-bind: 1.1.1
    dev: true

  /is-core-module@2.12.0:
    resolution: {integrity: sha512-RECHCBCd/viahWmwj6enj19sKbHfJrddi/6cBDsNTKbNq0f7VeaUkBo60BqzvPqo/W54ChS62Z5qyun7cfOMqQ==}
    dependencies:
      has: 1.0.3
    dev: true

  /jsonc-parser@3.2.0:
    resolution: {integrity: sha512-gfFQZrcTc8CnKXp6Y4/CBT3fTc0OVuDofpre4aEeEpSBPV5X5v4+Vmx+8snU7RLPrNHPKSgLxGo9YuQzz20o+w==}
    dev: true

  /magic-string@0.25.9:
    resolution: {integrity: sha512-RmF0AsMzgt25qzqqLc1+MbHmhdx0ojF2Fvs4XnOqz2ZOBXzzkEwc/dJQZCYHAn7v1jbVOjAZfK8msRn4BxO4VQ==}
    dependencies:
      sourcemap-codec: 1.4.8
    dev: true

  /nanoid@3.3.6:
    resolution: {integrity: sha512-BGcqMMJuToF7i1rt+2PWSNVnWIkGCU78jBG3RxO/bZlnZPK2Cmi2QaffxGO/2RvWi9sL+FAiRiXMgsyxQ1DIDA==}
    engines: {node: ^10 || ^12 || ^13.7 || ^14 || >=15.0.1}
    hasBin: true
    dev: true

  /path-parse@1.0.7:
    resolution: {integrity: sha512-LDJzPVEEEPR+y48z93A0Ed0yXb8pAByGWo/k5YYdYgpY2/2EsOsksJrq7lOHxryrVOn1ejG6oAp8ahvOIQD8sw==}
    dev: true

  /picocolors@1.0.0:
    resolution: {integrity: sha512-1fygroTLlHu66zi26VoTDv8yRgm0Fccecssto+MhsZ0D/DGW2sm8E8AjW7NU5VVTRt5GxbeZ5qBuJr+HyLYkjQ==}
    dev: true

  /postcss@8.4.23:
    resolution: {integrity: sha512-bQ3qMcpF6A/YjR55xtoTr0jGOlnPOKAIMdOWiv0EIT6HVPEaJiJB4NLljSbiHoC2RX7DN5Uvjtpbg1NPdwv1oA==}
    engines: {node: ^10 || ^12 || >=14}
    dependencies:
      nanoid: 3.3.6
      picocolors: 1.0.0
      source-map-js: 1.0.2
    dev: true

  /preact@10.13.2:
    resolution: {integrity: sha512-q44QFLhOhty2Bd0Y46fnYW0gD/cbVM9dUVtNTDKPcdXSMA7jfY+Jpd6rk3GB0lcQss0z5s/6CmVP0Z/hV+g6pw==}
    dev: true

  /resolve@1.22.2:
    resolution: {integrity: sha512-Sb+mjNHOULsBv818T40qSPeRiuWLyaGMa5ewydRLFimneixmVy2zdivRl+AF6jaYPC8ERxGDmFSiqui6SfPd+g==}
    hasBin: true
    dependencies:
      is-core-module: 2.12.0
      path-parse: 1.0.7
      supports-preserve-symlinks-flag: 1.0.0
    dev: true

  /rollup@2.79.1:
    resolution: {integrity: sha512-uKxbd0IhMZOhjAiD5oAFp7BqvkA4Dv47qpOCtaNvng4HBwdbWtdOh8f5nZNuk2rp51PMGk3bzfWu5oayNEuYnw==}
    engines: {node: '>=10.0.0'}
    hasBin: true
    optionalDependencies:
      fsevents: 2.3.2
    dev: true

  /shiki@0.11.1:
    resolution: {integrity: sha512-EugY9VASFuDqOexOgXR18ZV+TbFrQHeCpEYaXamO+SZlsnT/2LxuLBX25GGtIrwaEVFXUAbUQ601SWE2rMwWHA==}
    dependencies:
      jsonc-parser: 3.2.0
      vscode-oniguruma: 1.7.0
      vscode-textmate: 6.0.0
    dev: true

  /source-map-js@1.0.2:
    resolution: {integrity: sha512-R0XvVJ9WusLiqTCEiGCmICCMplcCkIwwR11mOSD9CR5u+IXYdiseeEuXCVAjS54zqwkLcPNnmU4OeJ6tUrWhDw==}
    engines: {node: '>=0.10.0'}
    dev: true

  /source-map@0.6.1:
    resolution: {integrity: sha512-UjgapumWlbMhkBgzT7Ykc5YXUT46F0iKu8SGXq0bcwP5dz/h0Plj6enJqjz1Zbq2l5WaqYnrVbwWOWMyF3F47g==}
    engines: {node: '>=0.10.0'}
    dev: true

  /sourcemap-codec@1.4.8:
    resolution: {integrity: sha512-9NykojV5Uih4lgo5So5dtw+f0JgJX30KCNI8gwhz2J9A15wD0Ml6tjHKwf6fTSa6fAdVBdZeNOs9eJ71qCk8vA==}
    deprecated: Please use @jridgewell/sourcemap-codec instead
    dev: true

  /supports-preserve-symlinks-flag@1.0.0:
    resolution: {integrity: sha512-ot0WnXS9fgdkgIcePe6RHNk1WA8+muPa6cSjeR3V8K27q9BB1rTE3R1p7Hv0z1ZyAc8s6Vvv8DIyWf681MAt0w==}
    engines: {node: '>= 0.4'}
    dev: true

  /to-fast-properties@2.0.0:
    resolution: {integrity: sha512-/OaKK0xYrs3DmxRYqL/yDc+FxFUVYhDlXMhRmv3z915w2HF1tnN1omB354j8VUGO/hbRzyD6Y3sA7v7GS/ceog==}
    engines: {node: '>=4'}
    dev: true

  /vite@3.2.6:
    resolution: {integrity: sha512-nTXTxYVvaQNLoW5BQ8PNNQ3lPia57gzsQU/Khv+JvzKPku8kNZL6NMUR/qwXhMG6E+g1idqEPanomJ+VZgixEg==}
    engines: {node: ^14.18.0 || >=16.0.0}
    hasBin: true
    peerDependencies:
      '@types/node': '>= 14'
      less: '*'
      sass: '*'
      stylus: '*'
      sugarss: '*'
      terser: ^5.4.0
    peerDependenciesMeta:
      '@types/node':
        optional: true
      less:
        optional: true
      sass:
        optional: true
      stylus:
        optional: true
      sugarss:
        optional: true
      terser:
        optional: true
    dependencies:
      esbuild: 0.15.18
      postcss: 8.4.23
      resolve: 1.22.2
      rollup: 2.79.1
    optionalDependencies:
      fsevents: 2.3.2
    dev: true

  /vitepress@1.0.0-alpha.28:
    resolution: {integrity: sha512-pvbLssDMgLUN1terajmPlFBxHSDGO4DqwexKbjFyr7LeELerVuwGrG6F2J1hxmwOlbpLd1kHXEDqGm9JX/kTDQ==}
    hasBin: true
    dependencies:
      '@docsearch/css': 3.3.4
      '@docsearch/js': 3.3.4
      '@vitejs/plugin-vue': 3.2.0(vite@3.2.6)(vue@3.2.44)
      '@vue/devtools-api': 6.5.0
      '@vueuse/core': 9.13.0(vue@3.2.44)
      body-scroll-lock: 4.0.0-beta.0
      shiki: 0.11.1
      vite: 3.2.6
      vue: 3.2.44
    transitivePeerDependencies:
      - '@algolia/client-search'
      - '@types/node'
      - '@types/react'
      - '@vue/composition-api'
      - less
      - react
      - react-dom
      - sass
      - stylus
      - sugarss
      - terser
    dev: true

  /vscode-oniguruma@1.7.0:
    resolution: {integrity: sha512-L9WMGRfrjOhgHSdOYgCt/yRMsXzLDJSL7BPrOZt73gU0iWO4mpqzqQzOz5srxqTvMBaR0XZTSrVWo4j55Rc6cA==}
    dev: true

  /vscode-textmate@6.0.0:
    resolution: {integrity: sha512-gu73tuZfJgu+mvCSy4UZwd2JXykjK9zAZsfmDeut5dx/1a7FeTk0XwJsSuqQn+cuMCGVbIBfl+s53X4T19DnzQ==}
    dev: true

  /vue-demi@0.14.0(vue@3.2.44):
    resolution: {integrity: sha512-gt58r2ogsNQeVoQ3EhoUAvUsH9xviydl0dWJj7dabBC/2L4uBId7ujtCwDRD0JhkGsV1i0CtfLAeyYKBht9oWg==}
    engines: {node: '>=12'}
    hasBin: true
    requiresBuild: true
    peerDependencies:
      '@vue/composition-api': ^1.0.0-rc.1
      vue: ^3.0.0-0 || ^2.6.0
    peerDependenciesMeta:
      '@vue/composition-api':
        optional: true
    dependencies:
      vue: 3.2.44
    dev: true

  /vue@3.2.44:
    resolution: {integrity: sha512-nyNtFDh+0TpRgYCUVfPD1mJ9PpIsCPXaOF4DeGNIT5vQ4X23ykflGq3Sy2P+tEt1/pQZxZnAysuRKwyhNj+Cjw==}
    dependencies:
      '@vue/compiler-dom': 3.2.44
      '@vue/compiler-sfc': 3.2.44
      '@vue/runtime-dom': 3.2.44
      '@vue/server-renderer': 3.2.44(vue@3.2.44)
      '@vue/shared': 3.2.44
    dev: true
